
Microsoft Visual Studio Solution File, Format Version 12.00
# Visual Studio Version 17
VisualStudioVersion = 17.2.32630.192
MinimumVisualStudioVersion = 10.0.40219.1
Project("{FAE04EC0-301F-11D3-BF4B-00C04F79EFBC}") = "App.Android", "App\App.Android\App.Android.csproj", "{42610D33-3601-4823-BB99-5DBFA11AA863}"
EndProject
Project("{FAE04EC0-301F-11D3-BF4B-00C04F79EFBC}") = "App.iOS", "App\App.iOS\App.iOS.csproj", "{1194DD7D-E2C8-4D15-A4B7-2AC814749ADF}"
EndProject
Project("{FAE04EC0-301F-11D3-BF4B-00C04F79EFBC}") = "App", "App\App\App.csproj", "{F9182EEF-D624-4181-9887-3781861ADD7D}"
EndProject
Global
	GlobalSection(SolutionConfigurationPlatforms) = preSolution
		Debug|Any CPU = Debug|Any CPU
		Debug|iPhone = Debug|iPhone
		Debug|iPhoneSimulator = Debug|iPhoneSimulator
		Release|Any CPU = Release|Any CPU
		Release|iPhone = Release|iPhone
		Release|iPhoneSimulator = Release|iPhoneSimulator
	EndGlobalSection
	GlobalSection(ProjectConfigurationPlatforms) = postSolution
		{42610D33-3601-4823-BB99-5DBFA11AA863}.Debug|Any CPU.ActiveCfg = Debug|Any CPU
		{42610D33-3601-4823-BB99-5DBFA11AA863}.Debug|Any CPU.Build.0 = Debug|Any CPU
		{42610D33-3601-4823-BB99-5DBFA11AA863}.Debug|Any CPU.Deploy.0 = Debug|Any CPU
		{42610D33-3601-4823-BB99-5DBFA11AA863}.Debug|iPhone.ActiveCfg = Debug|Any CPU
		{42610D33-3601-4823-BB99-5DBFA11AA863}.Debug|iPhone.Build.0 = Debug|Any CPU
		{42610D33-3601-4823-BB99-5DBFA11AA863}.Debug|iPhone.Deploy.0 = Debug|Any CPU
		{42610D33-3601-4823-BB99-5DBFA11AA863}.Debug|iPhoneSimulator.ActiveCfg = Debug|Any CPU
		{42610D33-3601-4823-BB99-5DBFA11AA863}.Debug|iPhoneSimulator.Build.0 = Debug|Any CPU
		{42610D33-3601-4823-BB99-5DBFA11AA863}.Debug|iPhoneSimulator.Deploy.0 = Debug|Any CPU
		{42610D33-3601-4823-BB99-5DBFA11AA863}.Release|Any CPU.ActiveCfg = Release|Any CPU
		{42610D33-3601-4823-BB99-5DBFA11AA863}.Release|Any CPU.Build.0 = Release|Any CPU
		{42610D33-3601-4823-BB99-5DBFA11AA863}.Release|Any CPU.Deploy.0 = Release|Any CPU
		{42610D33-3601-4823-BB99-5DBFA11AA863}.Release|iPhone.ActiveCfg = Release|Any CPU
		{42610D33-3601-4823-BB99-5DBFA11AA863}.Release|iPhone.Build.0 = Release|Any CPU
		{42610D33-3601-4823-BB99-5DBFA11AA863}.Release|iPhone.Deploy.0 = Release|Any CPU
		{42610D33-3601-4823-BB99-5DBFA11AA863}.Release|iPhoneSimulator.ActiveCfg = Release|Any CPU
		{42610D33-3601-4823-BB99-5DBFA11AA863}.Release|iPhoneSimulator.Build.0 = Release|Any CPU
		{42610D33-3601-4823-BB99-5DBFA11AA863}.Release|iPhoneSimulator.Deploy.0 = Release|Any CPU
		{1194DD7D-E2C8-4D15-A4B7-2AC814749ADF}.Debug|Any CPU.ActiveCfg = Debug|iPhone
		{1194DD7D-E2C8-4D15-A4B7-2AC814749ADF}.Debug|Any CPU.Build.0 = Debug|iPhone
		{1194DD7D-E2C8-4D15-A4B7-2AC814749ADF}.Debug|Any CPU.Deploy.0 = Debug|iPhone
		{1194DD7D-E2C8-4D15-A4B7-2AC814749ADF}.Debug|iPhone.ActiveCfg = Debug|iPhone
		{1194DD7D-E2C8-4D15-A4B7-2AC814749ADF}.Debug|iPhone.Build.0 = Debug|iPhone
		{1194DD7D-E2C8-4D15-A4B7-2AC814749ADF}.Debug|iPhone.Deploy.0 = Debug|iPhone
		{1194DD7D-E2C8-4D15-A4B7-2AC814749ADF}.Debug|iPhoneSimulator.ActiveCfg = Debug|iPhoneSimulator
		{1194DD7D-E2C8-4D15-A4B7-2AC814749ADF}.Debug|iPhoneSimulator.Build.0 = Debug|iPhoneSimulator
		{1194DD7D-E2C8-4D15-A4B7-2AC814749ADF}.Debug|iPhoneSimulator.Deploy.0 = Debug|iPhoneSimulator
		{1194DD7D-E2C8-4D15-A4B7-2AC814749ADF}.Release|Any CPU.ActiveCfg = Release|iPhoneSimulator
		{1194DD7D-E2C8-4D15-A4B7-2AC814749ADF}.Release|Any CPU.Build.0 = Release|iPhoneSimulator
		{1194DD7D-E2C8-4D15-A4B7-2AC814749ADF}.Release|Any CPU.Deploy.0 = Release|iPhoneSimulator
		{1194DD7D-E2C8-4D15-A4B7-2AC814749ADF}.Release|iPhone.ActiveCfg = Release|iPhone
		{1194DD7D-E2C8-4D15-A4B7-2AC814749ADF}.Release|iPhone.Build.0 = Release|iPhone
		{1194DD7D-E2C8-4D15-A4B7-2AC814749ADF}.Release|iPhone.Deploy.0 = Release|iPhone
		{1194DD7D-E2C8-4D15-A4B7-2AC814749ADF}.Release|iPhoneSimulator.ActiveCfg = Release|iPhoneSimulator
		{1194DD7D-E2C8-4D15-A4B7-2AC814749ADF}.Release|iPhoneSimulator.Build.0 = Release|iPhoneSimulator
		{1194DD7D-E2C8-4D15-A4B7-2AC814749ADF}.Release|iPhoneSimulator.Deploy.0 = Release|iPhoneSimulator
		{F9182EEF-D624-4181-9887-3781861ADD7D}.Debug|Any CPU.ActiveCfg = Debug|Any CPU
		{F9182EEF-D624-4181-9887-3781861ADD7D}.Debug|Any CPU.Build.0 = Debug|Any CPU
		{F9182EEF-D624-4181-9887-3781861ADD7D}.Debug|Any CPU.Deploy.0 = Debug|Any CPU
		{F9182EEF-D624-4181-9887-3781861ADD7D}.Debug|iPhone.ActiveCfg = Debug|Any CPU
		{F9182EEF-D624-4181-9887-3781861ADD7D}.Debug|iPhone.Build.0 = Debug|Any CPU
		{F9182EEF-D624-4181-9887-3781861ADD7D}.Debug|iPhone.Deploy.0 = Debug|Any CPU
		{F9182EEF-D624-4181-9887-3781861ADD7D}.Debug|iPhoneSimulator.ActiveCfg = Debug|Any CPU
		{F9182EEF-D624-4181-9887-3781861ADD7D}.Debug|iPhoneSimulator.Build.0 = Debug|Any CPU
		{F9182EEF-D624-4181-9887-3781861ADD7D}.Debug|iPhoneSimulator.Deploy.0 = Debug|Any CPU
		{F9182EEF-D624-4181-9887-3781861ADD7D}.Release|Any CPU.ActiveCfg = Release|Any CPU
		{F9182EEF-D624-4181-9887-3781861ADD7D}.Release|Any CPU.Build.0 = Release|Any CPU
		{F9182EEF-D624-4181-9887-3781861ADD7D}.Release|Any CPU.Deploy.0 = Release|Any CPU
		{F9182EEF-D624-4181-9887-3781861ADD7D}.Release|iPhone.ActiveCfg = Release|Any CPU
		{F9182EEF-D624-4181-9887-3781861ADD7D}.Release|iPhone.Build.0 = Release|Any CPU
		{F9182EEF-D624-4181-9887-3781861ADD7D}.Release|iPhone.Deploy.0 = Release|Any CPU
		{F9182EEF-D624-4181-9887-3781861ADD7D}.Release|iPhoneSimulator.ActiveCfg = Release|Any CPU
		{F9182EEF-D624-4181-9887-3781861ADD7D}.Release|iPhoneSimulator.Build.0 = Release|Any CPU
		{F9182EEF-D624-4181-9887-3781861ADD7D}.Release|iPhoneSimulator.Deploy.0 = Release|Any CPU
	EndGlobalSection
	GlobalSection(SolutionProperties) = preSolution
		HideSolutionNode = FALSE
	EndGlobalSection
	GlobalSection(ExtensibilityGlobals) = postSolution
		SolutionGuid = {6BD93907-B3F4-4CA5-9368-3F12749FD2AE}
	EndGlobalSection
EndGlobal
